// !$*UTF8*$!
{
	archiveVersion = 1;
	classes = {
	};
	objectVersion = 50;
	objects = {

/* Begin PBXBuildFile section */
		BC8AD49624B30CCB00F2ADDD /* AppDelegate.swift in Sources */ = {isa = PBXBuildFile; fileRef = BC8AD49524B30CCB00F2ADDD /* AppDelegate.swift */; };
		BC8AD49824B30CCB00F2ADDD /* SceneDelegate.swift in Sources */ = {isa = PBXBuildFile; fileRef = BC8AD49724B30CCB00F2ADDD /* SceneDelegate.swift */; };
		BC8AD49A24B30CCB00F2ADDD /* ViewController.swift in Sources */ = {isa = PBXBuildFile; fileRef = BC8AD49924B30CCB00F2ADDD /* ViewController.swift */; };
		BC8AD49D24B30CCB00F2ADDD /* Main.storyboard in Resources */ = {isa = PBXBuildFile; fileRef = BC8AD49B24B30CCB00F2ADDD /* Main.storyboard */; };
		BC8AD49F24B30CCC00F2ADDD /* Assets.xcassets in Resources */ = {isa = PBXBuildFile; fileRef = BC8AD49E24B30CCC00F2ADDD /* Assets.xcassets */; };
		BC8AD4A224B30CCC00F2ADDD /* LaunchScreen.storyboard in Resources */ = {isa = PBXBuildFile; fileRef = BC8AD4A024B30CCC00F2ADDD /* LaunchScreen.storyboard */; };
		BC8AD4AD24B449E600F2ADDD /* Constants.swift in Sources */ = {isa = PBXBuildFile; fileRef = BC8AD4AC24B449E600F2ADDD /* Constants.swift */; };
		BCB31E6B24B8DF56006E0A65 /* DogImage.swift in Sources */ = {isa = PBXBuildFile; fileRef = BCB31E6A24B8DF56006E0A65 /* DogImage.swift */; };
		BCB31E6F24BBAD3D006E0A65 /* BreedLis.swift in Sources */ = {isa = PBXBuildFile; fileRef = BCB31E6E24BBAD3D006E0A65 /* BreedLis.swift */; };
/* End PBXBuildFile section */

/* Begin PBXFileReference section */
		BC8AD49224B30CCB00F2ADDD /* Randog.app */ = {isa = PBXFileReference; explicitFileType = wrapper.application; includeInIndex = 0; path = Randog.app; sourceTree = BUILT_PRODUCTS_DIR; };
		BC8AD49524B30CCB00F2ADDD /* AppDelegate.swift */ = {isa = PBXFileReference; lastKnownFileType = sourcecode.swift; path = AppDelegate.swift; sourceTree = "<group>"; };
		BC8AD49724B30CCB00F2ADDD /* SceneDelegate.swift */ = {isa = PBXFileReference; lastKnownFileType = sourcecode.swift; path = SceneDelegate.swift; sourceTree = "<group>"; };
		BC8AD49924B30CCB00F2ADDD /* ViewController.swift */ = {isa = PBXFileReference; lastKnownFileType = sourcecode.swift; path = ViewController.swift; sourceTree = "<group>"; };
		BC8AD49C24B30CCB00F2ADDD /* Base */ = {isa = PBXFileReference; lastKnownFileType = file.storyboard; name = Base; path = Base.lproj/Main.storyboard; sourceTree = "<group>"; };
		BC8AD49E24B30CCC00F2ADDD /* Assets.xcassets */ = {isa = PBXFileReference; lastKnownFileType = folder.assetcatalog; path = Assets.xcassets; sourceTree = "<group>"; };
		BC8AD4A124B30CCC00F2ADDD /* Base */ = {isa = PBXFileReference; lastKnownFileType = file.storyboard; name = Base; path = Base.lproj/LaunchScreen.storyboard; sourceTree = "<group>"; };
		BC8AD4A324B30CCC00F2ADDD /* Info.plist */ = {isa = PBXFileReference; lastKnownFileType = text.plist.xml; path = Info.plist; sourceTree = "<group>"; };
		BC8AD4AC24B449E600F2ADDD /* Constants.swift */ = {isa = PBXFileReference; lastKnownFileType = sourcecode.swift; path = Constants.swift; sourceTree = "<group>"; };
		BCB31E6A24B8DF56006E0A65 /* DogImage.swift */ = {isa = PBXFileReference; lastKnownFileType = sourcecode.swift; path = DogImage.swift; sourceTree = "<group>"; };
		BCB31E6E24BBAD3D006E0A65 /* BreedLis.swift */ = {isa = PBXFileReference; lastKnownFileType = sourcecode.swift; path = BreedLis.swift; sourceTree = "<group>"; };
/* End PBXFileReference section */

/* Begin PBXFrameworksBuildPhase section */
		BC8AD48F24B30CCB00F2ADDD /* Frameworks */ = {
			isa = PBXFrameworksBuildPhase;
			buildActionMask = 2147483647;
			files = (
			);
			runOnlyForDeploymentPostprocessing = 0;
		};
/* End PBXFrameworksBuildPhase section */

/* Begin PBXGroup section */
		BC8AD48924B30CCB00F2ADDD = {
			isa = PBXGroup;
			children = (
				BC8AD49424B30CCB00F2ADDD /* Randog */,
				BC8AD49324B30CCB00F2ADDD /* Products */,
			);
			sourceTree = "<group>";
		};
		BC8AD49324B30CCB00F2ADDD /* Products */ = {
			isa = PBXGroup;
			children = (
				BC8AD49224B30CCB00F2ADDD /* Randog.app */,
			);
			name = Products;
			sourceTree = "<group>";
		};
		BC8AD49424B30CCB00F2ADDD /* Randog */ = {
			isa = PBXGroup;
			children = (
				BC8AD4AB24B30CEC00F2ADDD /* Model */,
				BC8AD4A924B30CD500F2ADDD /* View */,
				BC8AD4AA24B30CDD00F2ADDD /* Controller */,
				BC8AD4A324B30CCC00F2ADDD /* Info.plist */,
			);
			path = Randog;
			sourceTree = "<group>";
		};
		BC8AD4A924B30CD500F2ADDD /* View */ = {
			isa = PBXGroup;
			children = (
				BC8AD49E24B30CCC00F2ADDD /* Assets.xcassets */,
				BC8AD4A024B30CCC00F2ADDD /* LaunchScreen.storyboard */,
				BC8AD49B24B30CCB00F2ADDD /* Main.storyboard */,
			);
			path = View;
			sourceTree = "<group>";
		};
		BC8AD4AA24B30CDD00F2ADDD /* Controller */ = {
			isa = PBXGroup;
			children = (
				BC8AD49524B30CCB00F2ADDD /* AppDelegate.swift */,
				BC8AD49724B30CCB00F2ADDD /* SceneDelegate.swift */,
				BC8AD49924B30CCB00F2ADDD /* ViewController.swift */,
			);
			path = Controller;
			sourceTree = "<group>";
		};
		BC8AD4AB24B30CEC00F2ADDD /* Model */ = {
			isa = PBXGroup;
			children = (
				BC8AD4AC24B449E600F2ADDD /* Constants.swift */,
				BCB31E6A24B8DF56006E0A65 /* DogImage.swift */,
				BCB31E6E24BBAD3D006E0A65 /* BreedLis.swift */,
			);
			path = Model;
			sourceTree = "<group>";
		};
/* End PBXGroup section */

/* Begin PBXNativeTarget section */
		BC8AD49124B30CCB00F2ADDD /* Randog */ = {
			isa = PBXNativeTarget;
			buildConfigurationList = BC8AD4A624B30CCC00F2ADDD /* Build configuration list for PBXNativeTarget "Randog" */;
			buildPhases = (
				BC8AD48E24B30CCB00F2ADDD /* Sources */,
				BC8AD48F24B30CCB00F2ADDD /* Frameworks */,
				BC8AD49024B30CCB00F2ADDD /* Resources */,
			);
			buildRules = (
			);
			dependencies = (
			);
			name = Randog;
			productName = Randog;
			productReference = BC8AD49224B30CCB00F2ADDD /* Randog.app */;
			productType = "com.apple.product-type.application";
		};
/* End PBXNativeTarget section */

/* Begin PBXProject section */
		BC8AD48A24B30CCB00F2ADDD /* Project object */ = {
			isa = PBXProject;
			attributes = {
				LastSwiftUpdateCheck = 1130;
				LastUpgradeCheck = 1130;
				ORGANIZATIONNAME = Abdelrahman;
				TargetAttributes = {
					BC8AD49124B30CCB00F2ADDD = {
						CreatedOnToolsVersion = 11.3.1;
					};
				};
			};
			buildConfigurationList = BC8AD48D24B30CCB00F2ADDD /* Build configuration list for PBXProject "Randog" */;
			compatibilityVersion = "Xcode 9.3";
			developmentRegion = en;
			hasScannedForEncodings = 0;
			knownRegions = (
				en,
				Base,
			);
			mainGroup = BC8AD48924B30CCB00F2ADDD;
			productRefGroup = BC8AD49324B30CCB00F2ADDD /* Products */;
			projectDirPath = "";
			projectRoot = "";
			targets = (
				BC8AD49124B30CCB00F2ADDD /* Randog */,
			);
		};
/* End PBXProject section */

/* Begin PBXResourcesBuildPhase section */
		BC8AD49024B30CCB00F2ADDD /* Resources */ = {
			isa = PBXResourcesBuildPhase;
			buildActionMask = 2147483647;
			files = (
				BC8AD4A224B30CCC00F2ADDD /* LaunchScreen.storyboard in Resources */,
				BC8AD49F24B30CCC00F2ADDD /* Assets.xcassets in Resources */,
				BC8AD49D24B30CCB00F2ADDD /* Main.storyboard in Resources */,
			);
			runOnlyForDeploymentPostprocessing = 0;
		};
/* End PBXResourcesBuildPhase section */

/* Begin PBXSourcesBuildPhase section */
		BC8AD48E24B30CCB00F2ADDD /* Sources */ = {
			isa = PBXSourcesBuildPhase;
			buildActionMask = 2147483647;
			files = (
				BC8AD49A24B30CCB00F2ADDD /* ViewController.swift in Sources */,
				BC8AD49624B30CCB00F2ADDD /* AppDelegate.swift in Sources */,
				BC8AD49824B30CCB00F2ADDD /* SceneDelegate.swift in Sources */,
				BCB31E6B24B8DF56006E0A65 /* DogImage.swift in Sources */,
				BC8AD4AD24B449E600F2ADDD /* Constants.swift in Sources */,
				BCB31E6F24BBAD3D006E0A65 /* BreedLis.swift in Sources */,
			);
			runOnlyForDeploymentPostprocessing = 0;
		};
/* End PBXSourcesBuildPhase section */

/* Begin PBXVariantGroup section */
		BC8AD49B24B30CCB00F2ADDD /* Main.storyboard */ = {
			isa = PBXVariantGroup;
			children = (
				BC8AD49C24B30CCB00F2ADDD /* Base */,
			);
			name = Main.storyboard;
			sourceTree = "<group>";
		};
		BC8AD4A024B30CCC00F2ADDD /* LaunchScreen.storyboard */ = {
			isa = PBXVariantGroup;
			children = (
				BC8AD4A124B30CCC00F2ADDD /* Base */,
			);
			name = LaunchScreen.storyboard;
			sourceTree = "<group>";
		};
/* End PBXVariantGroup section */

/* Begin XCBuildConfiguration section */
		BC8AD4A424B30CCC00F2ADDD /* Debug */ = {
			isa = XCBuildConfiguration;
			buildSettings = {
				ALWAYS_SEARCH_USER_PATHS = NO;
				CLANG_ANALYZER_NONNULL = YES;
				CLANG_ANALYZER_NUMBER_OBJECT_CONVERSION = YES_AGGRESSIVE;
				CLANG_CXX_LANGUAGE_STANDARD = "gnu++14";
				CLANG_CXX_LIBRARY = "libc++";
				CLANG_ENABLE_MODULES = YES;
				CLANG_ENABLE_OBJC_ARC = YES;
				CLANG_ENABLE_OBJC_WEAK = YES;
				CLANG_WARN_BLOCK_CAPTURE_AUTORELEASING = YES;
				CLANG_WARN_BOOL_CONVERSION = YES;
				CLANG_WARN_COMMA = YES;
				CLANG_WARN_CONSTANT_CONVERSION = YES;
				CLANG_WARN_DEPRECATED_OBJC_IMPLEMENTATIONS = YES;
				CLANG_WARN_DIRECT_OBJC_ISA_USAGE = YES_ERROR;
				CLANG_WARN_DOCUMENTATION_COMMENTS = YES;
				CLANG_WARN_EMPTY_BODY = YES;
				CLANG_WARN_ENUM_CONVERSION = YES;
				CLANG_WARN_INFINITE_RECURSION = YES;
				CLANG_WARN_INT_CONVERSION = YES;
				CLANG_WARN_NON_LITERAL_NULL_CONVERSION = YES;
				CLANG_WARN_OBJC_IMPLICIT_RETAIN_SELF = YES;
				CLANG_WARN_OBJC_LITERAL_CONVERSION = YES;
				CLANG_WARN_OBJC_ROOT_CLASS = YES_ERROR;
				CLANG_WARN_RANGE_LOOP_ANALYSIS = YES;
				CLANG_WARN_STRICT_PROTOTYPES = YES;
				CLANG_WARN_SUSPICIOUS_MOVE = YES;
				CLANG_WARN_UNGUARDED_AVAILABILITY = YES_AGGRESSIVE;
				CLANG_WARN_UNREACHABLE_CODE = YES;
				CLANG_WARN__DUPLICATE_METHOD_MATCH = YES;
				COPY_PHASE_STRIP = NO;
				DEBUG_INFORMATION_FORMAT = dwarf;
				ENABLE_STRICT_OBJC_MSGSEND = YES;
				ENABLE_TESTABILITY = YES;
				GCC_C_LANGUAGE_STANDARD = gnu11;
				GCC_DYNAMIC_NO_PIC = NO;
				GCC_NO_COMMON_BLOCKS = YES;
				GCC_OPTIMIZATION_LEVEL = 0;
				GCC_PREPROCESSOR_DEFINITIONS = (
					"DEBUG=1",
					"$(inherited)",
				);
				GCC_WARN_64_TO_32_BIT_CONVERSION = YES;
				GCC_WARN_ABOUT_RETURN_TYPE = YES_ERROR;
				GCC_WARN_UNDECLARED_SELECTOR = YES;
				GCC_WARN_UNINITIALIZED_AUTOS = YES_AGGRESSIVE;
				GCC_WARN_UNUSED_FUNCTION = YES;
				GCC_WARN_UNUSED_VARIABLE = YES;
				IPHONEOS_DEPLOYMENT_TARGET = 13.2;
				MTL_ENABLE_DEBUG_INFO = INCLUDE_SOURCE;
				MTL_FAST_MATH = YES;
				ONLY_ACTIVE_ARCH = YES;
				SDKROOT = iphoneos;
				SWIFT_ACTIVE_COMPILATION_CONDITIONS = DEBUG;
				SWIFT_OPTIMIZATION_LEVEL = "-Onone";
			};
			name = Debug;
		};
		BC8AD4A524B30CCC00F2ADDD /* Release */ = {
			isa = XCBuildConfiguration;
			buildSettings = {
				ALWAYS_SEARCH_USER_PATHS = NO;
				CLANG_ANALYZER_NONNULL = YES;
				CLANG_ANALYZER_NUMBER_OBJECT_CONVERSION = YES_AGGRESSIVE;
				CLANG_CXX_LANGUAGE_STANDARD = "gnu++14";
				CLANG_CXX_LIBRARY = "libc++";
				CLANG_ENABLE_MODULES = YES;
				CLANG_ENABLE_OBJC_ARC = YES;
				CLANG_ENABLE_OBJC_WEAK = YES;
				CLANG_WARN_BLOCK_CAPTURE_AUTORELEASING = YES;
				CLANG_WARN_BOOL_CONVERSION = YES;
				CLANG_WARN_COMMA = YES;
				CLANG_WARN_CONSTANT_CONVERSION = YES;
				CLANG_WARN_DEPRECATED_OBJC_IMPLEMENTATIONS = YES;
				CLANG_WARN_DIRECT_OBJC_ISA_USAGE = YES_ERROR;
				CLANG_WARN_DOCUMENTATION_COMMENTS = YES;
				CLANG_WARN_EMPTY_BODY = YES;
				CLANG_WARN_ENUM_CONVERSION = YES;
				CLANG_WARN_INFINITE_RECURSION = YES;
				CLANG_WARN_INT_CONVERSION = YES;
				CLANG_WARN_NON_LITERAL_NULL_CONVERSION = YES;
				CLANG_WARN_OBJC_IMPLICIT_RETAIN_SELF = YES;
				CLANG_WARN_OBJC_LITERAL_CONVERSION = YES;
				CLANG_WARN_OBJC_ROOT_CLASS = YES_ERROR;
				CLANG_WARN_RANGE_LOOP_ANALYSIS = YES;
				CLANG_WARN_STRICT_PROTOTYPES = YES;
				CLANG_WARN_SUSPICIOUS_MOVE = YES;
				CLANG_WARN_UNGUARDED_AVAILABILITY = YES_AGGRESSIVE;
				CLANG_WARN_UNREACHABLE_CODE = YES;
				CLANG_WARN__DUPLICATE_METHOD_MATCH = YES;
				COPY_PHASE_STRIP = NO;
				DEBUG_INFORMATION_FORMAT = "dwarf-with-dsym";
				ENABLE_NS_ASSERTIONS = NO;
				ENABLE_STRICT_OBJC_MSGSEND = YES;
				GCC_C_LANGUAGE_STANDARD = gnu11;
				GCC_NO_COMMON_BLOCKS = YES;
				GCC_WARN_64_TO_32_BIT_CONVERSION = YES;
				GCC_WARN_ABOUT_RETURN_TYPE = YES_ERROR;
				GCC_WARN_UNDECLARED_SELECTOR = YES;
				GCC_WARN_UNINITIALIZED_AUTOS = YES_AGGRESSIVE;
				GCC_WARN_UNUSED_FUNCTION = YES;
				GCC_WARN_UNUSED_VARIABLE = YES;
				IPHONEOS_DEPLOYMENT_TARGET = 13.2;
				MTL_ENABLE_DEBUG_INFO = NO;
				MTL_FAST_MATH = YES;
				SDKROOT = iphoneos;
				SWIFT_COMPILATION_MODE = wholemodule;
				SWIFT_OPTIMIZATION_LEVEL = "-O";
				VALIDATE_PRODUCT = YES;
			};
			name = Release;
		};
		BC8AD4A724B30CCC00F2ADDD /* Debug */ = {
			isa = XCBuildConfiguration;
			buildSettings = {
				ASSETCATALOG_COMPILER_APPICON_NAME = AppIcon;
				CODE_SIGN_STYLE = Automatic;
				DEVELOPMENT_TEAM = 6VDS2KW7A7;
				INFOPLIST_FILE = Randog/Info.plist;
				IPHONEOS_DEPLOYMENT_TARGET = 12.0;
				LD_RUNPATH_SEARCH_PATHS = (
					"$(inherited)",
					"@executable_path/Frameworks",
				);
				PRODUCT_BUNDLE_IDENTIFIER = com.3bdelra7man.Randog;
				PRODUCT_NAME = "$(TARGET_NAME)";
				SWIFT_VERSION = 5.0;
				TARGETED_DEVICE_FAMILY = 1;
			};
			name = Debug;
		};
		BC8AD4A824B30CCC00F2ADDD /* Release */ = {
			isa = XCBuildConfiguration;
			buildSettings = {
				ASSETCATALOG_COMPILER_APPICON_NAME = AppIcon;
				CODE_SIGN_STYLE = Automatic;
				DEVELOPMENT_TEAM = 6VDS2KW7A7;
				INFOPLIST_FILE = Randog/Info.plist;
				IPHONEOS_DEPLOYMENT_TARGET = 12.0;
				LD_RUNPATH_SEARCH_PATHS = (
					"$(inherited)",
					"@executable_path/Frameworks",
				);
				PRODUCT_BUNDLE_IDENTIFIER = com.3bdelra7man.Randog;
				PRODUCT_NAME = "$(TARGET_NAME)";
				SWIFT_VERSION = 5.0;
				TARGETED_DEVICE_FAMILY = 1;
			};
			name = Release;
		};
/* End XCBuildConfiguration section */

/* Begin XCConfigurationList section */
		BC8AD48D24B30CCB00F2ADDD /* Build configuration list for PBXProject "Randog" */ = {
			isa = XCConfigurationList;
			buildConfigurations = (
				BC8AD4A424B30CCC00F2ADDD /* Debug */,
				BC8AD4A524B30CCC00F2ADDD /* Release */,
			);
			defaultConfigurationIsVisible = 0;
			defaultConfigurationName = Release;
		};
		BC8AD4A624B30CCC00F2ADDD /* Build configuration list for PBXNativeTarget "Randog" */ = {
			isa = XCConfigurationList;
			buildConfigurations = (
				BC8AD4A724B30CCC00F2ADDD /* Debug */,
				BC8AD4A824B30CCC00F2ADDD /* Release */,
			);
			defaultConfigurationIsVisible = 0;
			defaultConfigurationName = Release;
		};
/* End XCConfigurationList section */
	};
	rootObject = BC8AD48A24B30CCB00F2ADDD /* Project object */;
}
